
Microsoft Visual Studio Solution File, Format Version 12.00
# Visual Studio Version 16
VisualStudioVersion = 16.0.30309.148
MinimumVisualStudioVersion = 10.0.40219.1
Project("{FAE04EC0-301F-11D3-BF4B-00C04F79EFBC}") = "IP Grabber", "IP Grabber\IP Grabber.csproj", "{9F440D0F-86F8-438A-92C1-1A7D61C66E6C}"
EndProject
Global
	GlobalSection(SolutionConfigurationPlatforms) = preSolution
		Debug|Any CPU = Debug|Any CPU
		Release|Any CPU = Release|Any CPU
	EndGlobalSection
	GlobalSection(ProjectConfigurationPlatforms) = postSolution
		{9F440D0F-86F8-438A-92C1-1A7D61C66E6C}.Debug|Any CPU.ActiveCfg = Debug|Any CPU
		{9F440D0F-86F8-438A-92C1-1A7D61C66E6C}.Debug|Any CPU.Build.0 = Debug|Any CPU
		{9F440D0F-86F8-438A-92C1-1A7D61C66E6C}.Release|Any CPU.ActiveCfg = Release|Any CPU
		{9F440D0F-86F8-438A-92C1-1A7D61C66E6C}.Release|Any CPU.Build.0 = Release|Any CPU
	EndGlobalSection
	GlobalSection(SolutionProperties) = preSolution
		HideSolutionNode = FALSE
	EndGlobalSection
	GlobalSection(ExtensibilityGlobals) = postSolution
		SolutionGuid = {36AA0334-205A-4291-BF34-48677628FEE3}
	EndGlobalSection
EndGlobal
